<?xml version="1.0" encoding="utf-8"?>
<Project ToolsVersion="4.0" xmlns="http://schemas.microsoft.com/developer/msbuild/2003">
  <ItemGroup>
    <Filter Include="Source Files">
      <UniqueIdentifier>{4FC737F1-C7A5-4376-A066-2A32D752A2FF}</UniqueIdentifier>
      <Extensions>qml;cpp;c;cc;cxx;def;odl;idl;hpj;bat;asm;asmx</Extensions>
    </Filter>
    <Filter Include="Header Files">
      <UniqueIdentifier>{93995380-89BD-4b04-88EB-625FBE52EBFB}</UniqueIdentifier>
      <Extensions>h;hh;hpp;hxx;hm;inl;inc;xsd</Extensions>
    </Filter>
    <Filter Include="Resource Files">
      <UniqueIdentifier>{67DA6AB6-F800-4c08-8B7A-83BB121AAD01}</UniqueIdentifier>
      <Extensions>qrc;rc;ico;cur;bmp;dlg;rc2;rct;bin;rgs;gif;jpg;jpeg;jpe;resx;tiff;tif;png;wav;mfcribbon-ms</Extensions>
    </Filter>
    <Filter Include="Form Files">
      <UniqueIdentifier>{99349809-55BA-4b9d-BF79-8FDBB0286EB3}</UniqueIdentifier>
      <Extensions>ui</Extensions>
    </Filter>
    <Filter Include="Translation Files">
      <UniqueIdentifier>{639EADAA-A684-42e4-A9AD-28FC9BCB8F7C}</UniqueIdentifier>
      <Extensions>ts</Extensions>
    </Filter>
  </ItemGroup>
  <ItemGroup>
    <ClCompile Include="main.cpp">
      <Filter>Source Files</Filter>
    </ClCompile>
    <ClCompile Include="ProxyServer.cpp">
      <Filter>Source Files</Filter>
    </ClCompile>
    <ClCompile Include="HttpRequest.cpp">
      <Filter>Source Files</Filter>
    </ClCompile>
    <ClCompile Include="ProxyConnection.cpp">
      <Filter>Source Files</Filter>
    </ClCompile>
    <ClCompile Include="ConnectionHandler.cpp">
      <Filter>Source Files</Filter>
    </ClCompile>
    <ClCompile Include="Certificate.cpp">
      <Filter>Source Files</Filter>
    </ClCompile>
    <ClCompile Include="CertificateCache.cpp">
      <Filter>Source Files</Filter>
    </ClCompile>
    <ClCompile Include="ClientHelloHandler.cpp">
      <Filter>Source Files</Filter>
    </ClCompile>
    <ClCompile Include="ProxyException.cpp">
      <Filter>Source Files</Filter>
    </ClCompile>
    <ClCompile Include="ClientHello.cpp">
      <Filter>Source Files</Filter>
    </ClCompile>
    <ClCompile Include="Extensions.cpp">
      <Filter>Source Files</Filter>
    </ClCompile>
    <ClCompile Include="TlsClientConnection.cpp">
      <Filter>Source Files</Filter>
    </ClCompile>
    <ClCompile Include="TlsError.cpp">
      <Filter>Source Files</Filter>
    </ClCompile>
    <ClCompile Include="Win32SSLCertificate.cpp">
      <Filter>Source Files</Filter>
    </ClCompile>
  </ItemGroup>
  <ItemGroup>
    <QtMoc Include="ProxyServer.h">
      <Filter>Header Files</Filter>
    </QtMoc>
    <QtMoc Include="ProxyConnection.h">
      <Filter>Header Files</Filter>
    </QtMoc>
    <QtMoc Include="ConnectionHandler.h">
      <Filter>Header Files</Filter>
    </QtMoc>
    <QtMoc Include="TlsClientConnection.h">
      <Filter>Header Files</Filter>
    </QtMoc>
    <QtMoc Include="TlsError.h">
      <Filter>Header Files</Filter>
    </QtMoc>
  </ItemGroup>
  <ItemGroup>
    <ClInclude Include="HttpRequest.h">
      <Filter>Header Files</Filter>
    </ClInclude>
    <ClInclude Include="Certificate.h">
      <Filter>Header Files</Filter>
    </ClInclude>
    <ClInclude Include="CertificateCache.h">
      <Filter>Header Files</Filter>
    </ClInclude>
    <ClInclude Include="ClientHelloHandler.h">
      <Filter>Header Files</Filter>
    </ClInclude>
    <ClInclude Include="ProxyException.h">
      <Filter>Header Files</Filter>
    </ClInclude>
    <ClInclude Include="ClientHello.h">
      <Filter>Header Files</Filter>
    </ClInclude>
    <ClInclude Include="Extensions.h">
      <Filter>Header Files</Filter>
    </ClInclude>
    <ClInclude Include="Win32SSLCertificate.h">
      <Filter>Header Files</Filter>
    </ClInclude>
  </ItemGroup>
</Project>